
Microsoft Visual Studio Solution File, Format Version 12.00
# Visual Studio 15
VisualStudioVersion = 15.0.28307.572
MinimumVisualStudioVersion = 10.0.40219.1
Project("{FAE04EC0-301F-11D3-BF4B-00C04F79EFBC}") = "S3Utils", "S3Utils\S3Utils.csproj", "{FCFF1B5C-E54E-4F90-BD81-0CE65D8F67B4}"
EndProject
Global
	GlobalSection(SolutionConfigurationPlatforms) = preSolution
		Debug|Any CPU = Debug|Any CPU
		Release|Any CPU = Release|Any CPU
	EndGlobalSection
	GlobalSection(ProjectConfigurationPlatforms) = postSolution
		{FCFF1B5C-E54E-4F90-BD81-0CE65D8F67B4}.Debug|Any CPU.ActiveCfg = Debug|Any CPU
		{FCFF1B5C-E54E-4F90-BD81-0CE65D8F67B4}.Debug|Any CPU.Build.0 = Debug|Any CPU
		{FCFF1B5C-E54E-4F90-BD81-0CE65D8F67B4}.Release|Any CPU.ActiveCfg = Release|Any CPU
		{FCFF1B5C-E54E-4F90-BD81-0CE65D8F67B4}.Release|Any CPU.Build.0 = Release|Any CPU
	EndGlobalSection
	GlobalSection(SolutionProperties) = preSolution
		HideSolutionNode = FALSE
	EndGlobalSection
	GlobalSection(ExtensibilityGlobals) = postSolution
		SolutionGuid = {55509F7B-42F0-45DD-BD52-713075CCA2BA}
	EndGlobalSection
EndGlobal
